{
  "nodes": {
    "flakeNimbleLib": {
      "inputs": {
        "nixpkgs": [
          "nixpkgs"
        ]
      },
      "locked": {
        "lastModified": 1662018438,
        "narHash": "sha256-QtNtU6+LX3Wokxf0zlFwKTFOcn6TeDjKQZ+DA9OYtvM=",
        "owner": "riinr",
        "repo": "nim-flakes-lib",
        "rev": "b1fe8340736e3a85d25c709ac3dfd82a55c03cbf",
        "type": "github"
      },
      "original": {
        "owner": "riinr",
        "ref": "master",
        "repo": "nim-flakes-lib",
        "type": "github"
      }
    },
    "nixpkgs": {
      "locked": {
        "lastModified": 1667199707,
        "narHash": "sha256-I2Js3Y7gUyVSEXPULHlBoRek4Lh85vnevdS6mdvDNLI=",
        "owner": "NixOS",
        "repo": "nixpkgs",
        "rev": "ced197be72099edcfa68ebed8b87af7b04851f45",
        "type": "github"
      },
      "original": {
        "id": "nixpkgs",
        "type": "indirect"
      }
    },
    "persistent_enums-master": {
      "inputs": {
        "flakeNimbleLib": [
          "flakeNimbleLib"
        ],
        "nixpkgs": [
          "nixpkgs"
        ],
        "src-persistent_enums-master": "src-persistent_enums-master"
      },
      "locked": {
        "dir": "master",
        "lastModified": 1667322577,
        "narHash": "sha256-G0BmitiferzSKPpzO/h45m1r8BCxEm6sIqvrW5yPxRY=",
        "owner": "nim-nix-pkgs",
        "repo": "persistent_enums",
        "rev": "e59a15c59b992c57e7db784d7a53a3f555181c62",
        "type": "github"
      },
      "original": {
        "dir": "master",
        "owner": "nim-nix-pkgs",
        "ref": "master",
        "repo": "persistent_enums",
        "type": "github"
      }
    },
    "root": {
      "inputs": {
        "flakeNimbleLib": "flakeNimbleLib",
        "nixpkgs": "nixpkgs",
        "persistent_enums-master": "persistent_enums-master"
      }
    },
    "src-persistent_enums-master": {
      "flake": false,
      "locked": {
        "lastModified": 1634728781,
        "narHash": "sha256-tejtQsXU2CdLsDbp7GUVJ5z9y/7SHYFni+VYCGpVvdE=",
        "owner": "yglukhov",
        "repo": "persistent_enums",
        "rev": "04eb935d339c90b4be264c1de67b9c27b06f5dad",
        "type": "github"
      },
      "original": {
        "owner": "yglukhov",
        "ref": "refs/heads/master",
        "repo": "persistent_enums",
        "type": "github"
      }
    }
  },
  "root": "root",
  "version": 7
}
